Microsoft Visual Studio Solution File, Format Version 11.00
# Visual Studio 2008

Project("{95237573-9957-B4A3-2390-0B34C80B0B8F}") = "ProjectTest1", "Assembly-CSharp.csproj", "{54F94FBC-4533-A18E-B008-BB14155EBE7A}"
EndProject
Global
	GlobalSection(SolutionConfigurationPlatforms) = preSolution
		Debug|Any CPU = Debug|Any CPU
		Release|Any CPU = Release|Any CPU
	EndGlobalSection
	GlobalSection(ProjectConfigurationPlatforms) = postSolution
		{54F94FBC-4533-A18E-B008-BB14155EBE7A}.Debug|Any CPU.ActiveCfg = Debug|Any CPU
		{54F94FBC-4533-A18E-B008-BB14155EBE7A}.Debug|Any CPU.Build.0 = Debug|Any CPU
		{54F94FBC-4533-A18E-B008-BB14155EBE7A}.Release|Any CPU.ActiveCfg = Release|Any CPU
		{54F94FBC-4533-A18E-B008-BB14155EBE7A}.Release|Any CPU.Build.0 = Release|Any CPU
	EndGlobalSection
	GlobalSection(SolutionProperties) = preSolution
		HideSolutionNode = FALSE
	EndGlobalSection
	GlobalSection(MonoDevelopProperties) = preSolution
		StartupItem = Assembly-CSharp.csproj
	EndGlobalSection
EndGlobal
